// !$*UTF8*$!
{
	archiveVersion = 1;
	classes = {
	};
	objectVersion = 70;
	objects = {

/* Begin PBXBuildFile section */
		6D4ECBCD291FEA100023FB6E /* AppDelegate.swift in Sources */ = {isa = PBXBuildFile; fileRef = 6D4ECBCC291FEA100023FB6E /* AppDelegate.swift */; };
		6D4ECBCF291FEA100023FB6E /* SceneDelegate.swift in Sources */ = {isa = PBXBuildFile; fileRef = 6D4ECBCE291FEA100023FB6E /* SceneDelegate.swift */; };
		6D4ECBD1291FEA100023FB6E /* BeerListViewController.swift in Sources */ = {isa = PBXBuildFile; fileRef = 6D4ECBD0291FEA100023FB6E /* BeerListViewController.swift */; };
		6D4ECBD4291FEA100023FB6E /* Main.storyboard in Resources */ = {isa = PBXBuildFile; fileRef = 6D4ECBD2291FEA100023FB6E /* Main.storyboard */; };
		6D4ECBD6291FEA180023FB6E /* Assets.xcassets in Resources */ = {isa = PBXBuildFile; fileRef = 6D4ECBD5291FEA180023FB6E /* Assets.xcassets */; };
		6D4ECBD9291FEA180023FB6E /* LaunchScreen.storyboard in Resources */ = {isa = PBXBuildFile; fileRef = 6D4ECBD7291FEA180023FB6E /* LaunchScreen.storyboard */; };
		6D4ECBE1291FEE480023FB6E /* BeerCell.swift in Sources */ = {isa = PBXBuildFile; fileRef = 6D4ECBE0291FEE480023FB6E /* BeerCell.swift */; };
		6D6558AC292A1AFA00CB8A0E /* BeerListModel.swift in Sources */ = {isa = PBXBuildFile; fileRef = 6D6558AB292A1AFA00CB8A0E /* BeerListModel.swift */; };
		6D6558AE292A1B0A00CB8A0E /* BeerListController.swift in Sources */ = {isa = PBXBuildFile; fileRef = 6D6558AD292A1B0A00CB8A0E /* BeerListController.swift */; };
		6D6558B0292A1B2800CB8A0E /* NetworkManager.swift in Sources */ = {isa = PBXBuildFile; fileRef = 6D6558AF292A1B2800CB8A0E /* NetworkManager.swift */; };
		6D6558B9292A23A400CB8A0E /* DatabaseManager.swift in Sources */ = {isa = PBXBuildFile; fileRef = 6D6558B8292A23A400CB8A0E /* DatabaseManager.swift */; };
		6D66A4192F8156F000A68B94 /* BeerRealmObject.swift in Sources */ = {isa = PBXBuildFile; fileRef = 6D66A4182F8156F000A68B94 /* BeerRealmObject.swift */; };
		6DAD20B2292A2D9200886580 /* BeerCellModel.swift in Sources */ = {isa = PBXBuildFile; fileRef = 6DAD20B1292A2D9200886580 /* BeerCellModel.swift */; };
		6DAD20B4292A2DA000886580 /* BeerCellController.swift in Sources */ = {isa = PBXBuildFile; fileRef = 6DAD20B3292A2DA000886580 /* BeerCellController.swift */; };
		6DAD20B5292A2E0000886580 /* BeerDetailController.swift in Sources */ = {isa = PBXBuildFile; fileRef = 6DAD20B6292A2E0000886580 /* BeerDetailController.swift */; };
		6DAD20B7292A2E1000886580 /* BeerDetailViewController.swift in Sources */ = {isa = PBXBuildFile; fileRef = 6DAD20B8292A2E1000886580 /* BeerDetailViewController.swift */; };
		8A11AA111111111111111111 /* SnapKit in Frameworks */ = {isa = PBXBuildFile; productRef = 8A11AA111111111111111113 /* SnapKit */; };
		8A11AA111111111111111112 /* RealmSwift in Frameworks */ = {isa = PBXBuildFile; productRef = 8A11AA111111111111111114 /* RealmSwift */; };
/* End PBXBuildFile section */

/* Begin PBXContainerItemProxy section */
		6D2E696C2F846AEE00B03693 /* PBXContainerItemProxy */ = {
			isa = PBXContainerItemProxy;
			containerPortal = 6D4ECBC1291FEA100023FB6E /* Project object */;
			proxyType = 1;
			remoteGlobalIDString = 6D4ECBC8291FEA100023FB6E;
			remoteInfo = HopSpot;
		};
/* End PBXContainerItemProxy section */

/* Begin PBXFileReference section */
		6D2E69682F846AEE00B03693 /* HopSpotTests.xctest */ = {isa = PBXFileReference; explicitFileType = wrapper.cfbundle; includeInIndex = 0; path = HopSpotTests.xctest; sourceTree = BUILT_PRODUCTS_DIR; };
		6D4ECBC9291FEA100023FB6E /* HopSpot.app */ = {isa = PBXFileReference; explicitFileType = wrapper.application; includeInIndex = 0; path = HopSpot.app; sourceTree = BUILT_PRODUCTS_DIR; };
		6D4ECBCC291FEA100023FB6E /* AppDelegate.swift */ = {isa = PBXFileReference; lastKnownFileType = sourcecode.swift; path = AppDelegate.swift; sourceTree = "<group>"; };
		6D4ECBCE291FEA100023FB6E /* SceneDelegate.swift */ = {isa = PBXFileReference; lastKnownFileType = sourcecode.swift; path = SceneDelegate.swift; sourceTree = "<group>"; };
		6D4ECBD0291FEA100023FB6E /* BeerListViewController.swift */ = {isa = PBXFileReference; lastKnownFileType = sourcecode.swift; path = BeerListViewController.swift; sourceTree = "<group>"; };
		6D4ECBD3291FEA100023FB6E /* Base */ = {isa = PBXFileReference; lastKnownFileType = file.storyboard; name = Base; path = Base.lproj/Main.storyboard; sourceTree = "<group>"; };
		6D4ECBD5291FEA180023FB6E /* Assets.xcassets */ = {isa = PBXFileReference; lastKnownFileType = folder.assetcatalog; path = Assets.xcassets; sourceTree = "<group>"; };
		6D4ECBD8291FEA180023FB6E /* Base */ = {isa = PBXFileReference; lastKnownFileType = file.storyboard; name = Base; path = Base.lproj/LaunchScreen.storyboard; sourceTree = "<group>"; };
		6D4ECBDA291FEA180023FB6E /* Info.plist */ = {isa = PBXFileReference; lastKnownFileType = text.plist.xml; path = Info.plist; sourceTree = "<group>"; };
		6D4ECBE0291FEE480023FB6E /* BeerCell.swift */ = {isa = PBXFileReference; lastKnownFileType = sourcecode.swift; path = BeerCell.swift; sourceTree = "<group>"; };
		6D6558AB292A1AFA00CB8A0E /* BeerListModel.swift */ = {isa = PBXFileReference; lastKnownFileType = sourcecode.swift; path = BeerListModel.swift; sourceTree = "<group>"; };
		6D6558AD292A1B0A00CB8A0E /* BeerListController.swift */ = {isa = PBXFileReference; lastKnownFileType = sourcecode.swift; path = BeerListController.swift; sourceTree = "<group>"; };
		6D6558AF292A1B2800CB8A0E /* NetworkManager.swift */ = {isa = PBXFileReference; lastKnownFileType = sourcecode.swift; path = NetworkManager.swift; sourceTree = "<group>"; };
		6D6558B8292A23A400CB8A0E /* DatabaseManager.swift */ = {isa = PBXFileReference; lastKnownFileType = sourcecode.swift; path = DatabaseManager.swift; sourceTree = "<group>"; };
		6D66A4182F8156F000A68B94 /* BeerRealmObject.swift */ = {isa = PBXFileReference; lastKnownFileType = sourcecode.swift; path = BeerRealmObject.swift; sourceTree = "<group>"; };
		6DAD20B1292A2D9200886580 /* BeerCellModel.swift */ = {isa = PBXFileReference; lastKnownFileType = sourcecode.swift; path = BeerCellModel.swift; sourceTree = "<group>"; };
		6DAD20B3292A2DA000886580 /* BeerCellController.swift */ = {isa = PBXFileReference; lastKnownFileType = sourcecode.swift; path = BeerCellController.swift; sourceTree = "<group>"; };
		6DAD20B6292A2E0000886580 /* BeerDetailController.swift */ = {isa = PBXFileReference; lastKnownFileType = sourcecode.swift; path = BeerDetailController.swift; sourceTree = "<group>"; };
		6DAD20B8292A2E1000886580 /* BeerDetailViewController.swift */ = {isa = PBXFileReference; lastKnownFileType = sourcecode.swift; path = BeerDetailViewController.swift; sourceTree = "<group>"; };
/* End PBXFileReference section */

/* Begin PBXFileSystemSynchronizedRootGroup section */
		6D2E69692F846AEE00B03693 /* HopSpotTests */ = {isa = PBXFileSystemSynchronizedRootGroup; explicitFileTypes = {}; explicitFolders = (); path = HopSpotTests; sourceTree = "<group>"; };
/* End PBXFileSystemSynchronizedRootGroup section */

/* Begin PBXFrameworksBuildPhase section */
		6D2E69652F846AEE00B03693 /* Frameworks */ = {
			isa = PBXFrameworksBuildPhase;
			buildActionMask = 2147483647;
			files = (
			);
			runOnlyForDeploymentPostprocessing = 0;
		};
		6D4ECBC6291FEA100023FB6E /* Frameworks */ = {
			isa = PBXFrameworksBuildPhase;
			buildActionMask = 2147483647;
			files = (
				8A11AA111111111111111112 /* RealmSwift in Frameworks */,
				8A11AA111111111111111111 /* SnapKit in Frameworks */,
			);
			runOnlyForDeploymentPostprocessing = 0;
		};
/* End PBXFrameworksBuildPhase section */

/* Begin PBXGroup section */
		6D4ECBC0291FEA100023FB6E = {
			isa = PBXGroup;
			children = (
				6DAD20AE292A2CB900886580 /* App */,
				6DAD20AD292A2C6400886580 /* Database */,
				6DAD20AC292A2C4B00886580 /* Network */,
				6D4ECBDA291FEA180023FB6E /* Info.plist */,
				6D2E69692F846AEE00B03693 /* HopSpotTests */,
				6D4ECBCA291FEA100023FB6E /* Products */,
				6D66A4162F81562B00A68B94 /* BeerList */,
				6DAD20B9292A2E2000886580 /* BeerDetail */,
			);
			sourceTree = "<group>";
		};
		6D4ECBCA291FEA100023FB6E /* Products */ = {
			isa = PBXGroup;
			children = (
				6D4ECBC9291FEA100023FB6E /* HopSpot.app */,
				6D2E69682F846AEE00B03693 /* HopSpotTests.xctest */,
			);
			name = Products;
			sourceTree = "<group>";
		};
		6D66A4162F81562B00A68B94 /* BeerList */ = {
			isa = PBXGroup;
			children = (
				6D66A4172F81562B00A68B94 /* BeerCell */,
				6D4ECBD0291FEA100023FB6E /* BeerListViewController.swift */,
				6D6558AD292A1B0A00CB8A0E /* BeerListController.swift */,
				6D6558AB292A1AFA00CB8A0E /* BeerListModel.swift */,
			);
			path = BeerList;
			sourceTree = "<group>";
		};
		6D66A4172F81562B00A68B94 /* BeerCell */ = {
			isa = PBXGroup;
			children = (
				6D4ECBE0291FEE480023FB6E /* BeerCell.swift */,
				6DAD20B3292A2DA000886580 /* BeerCellController.swift */,
				6DAD20B1292A2D9200886580 /* BeerCellModel.swift */,
			);
			path = BeerCell;
			sourceTree = "<group>";
		};
		6DAD20AC292A2C4B00886580 /* Network */ = {
			isa = PBXGroup;
			children = (
				6D6558AF292A1B2800CB8A0E /* NetworkManager.swift */,
			);
			path = Network;
			sourceTree = "<group>";
		};
		6DAD20AD292A2C6400886580 /* Database */ = {
			isa = PBXGroup;
			children = (
				6D6558B8292A23A400CB8A0E /* DatabaseManager.swift */,
				6D66A4182F8156F000A68B94 /* BeerRealmObject.swift */,
			);
			path = Database;
			sourceTree = "<group>";
		};
		6DAD20AE292A2CB900886580 /* App */ = {
			isa = PBXGroup;
			children = (
				6D4ECBD2291FEA100023FB6E /* Main.storyboard */,
				6D4ECBCC291FEA100023FB6E /* AppDelegate.swift */,
				6D4ECBCE291FEA100023FB6E /* SceneDelegate.swift */,
				6D4ECBD5291FEA180023FB6E /* Assets.xcassets */,
				6D4ECBD7291FEA180023FB6E /* LaunchScreen.storyboard */,
			);
			path = App;
			sourceTree = "<group>";
		};
		6DAD20B9292A2E2000886580 /* BeerDetail */ = {
			isa = PBXGroup;
			children = (
				6DAD20B6292A2E0000886580 /* BeerDetailController.swift */,
				6DAD20B8292A2E1000886580 /* BeerDetailViewController.swift */,
			);
			path = BeerDetail;
			sourceTree = "<group>";
		};
/* End PBXGroup section */

/* Begin PBXNativeTarget section */
		6D2E69672F846AEE00B03693 /* HopSpotTests */ = {
			isa = PBXNativeTarget;
			buildConfigurationList = 6D2E696E2F846AEE00B03693 /* Build configuration list for PBXNativeTarget "HopSpotTests" */;
			buildPhases = (
				6D2E69642F846AEE00B03693 /* Sources */,
				6D2E69652F846AEE00B03693 /* Frameworks */,
				6D2E69662F846AEE00B03693 /* Resources */,
			);
			buildRules = (
			);
			dependencies = (
				6D2E696D2F846AEE00B03693 /* PBXTargetDependency */,
			);
			fileSystemSynchronizedGroups = (
				6D2E69692F846AEE00B03693 /* HopSpotTests */,
			);
			name = HopSpotTests;
			packageProductDependencies = (
			);
			productName = HopSpotTests;
			productReference = 6D2E69682F846AEE00B03693 /* HopSpotTests.xctest */;
			productType = "com.apple.product-type.bundle.unit-test";
		};
		6D4ECBC8291FEA100023FB6E /* HopSpot */ = {
			isa = PBXNativeTarget;
			buildConfigurationList = 6D4ECBDD291FEA180023FB6E /* Build configuration list for PBXNativeTarget "HopSpot" */;
			buildPhases = (
				6D4ECBC5291FEA100023FB6E /* Sources */,
				6D4ECBC6291FEA100023FB6E /* Frameworks */,
				6D4ECBC7291FEA100023FB6E /* Resources */,
			);
			buildRules = (
			);
			dependencies = (
			);
			name = HopSpot;
			packageProductDependencies = (
				8A11AA111111111111111113 /* SnapKit */,
				8A11AA111111111111111114 /* RealmSwift */,
			);
			productName = HopSpot;
			productReference = 6D4ECBC9291FEA100023FB6E /* HopSpot.app */;
			productType = "com.apple.product-type.application";
		};
/* End PBXNativeTarget section */

/* Begin PBXProject section */
		6D4ECBC1291FEA100023FB6E /* Project object */ = {
			isa = PBXProject;
			attributes = {
				BuildIndependentTargetsInParallel = 1;
				LastSwiftUpdateCheck = 2640;
				LastUpgradeCheck = 1400;
				TargetAttributes = {
					6D2E69672F846AEE00B03693 = {
						CreatedOnToolsVersion = 26.4;
						TestTargetID = 6D4ECBC8291FEA100023FB6E;
					};
					6D4ECBC8291FEA100023FB6E = {
						CreatedOnToolsVersion = 14.0.1;
					};
				};
			};
			buildConfigurationList = 6D4ECBC4291FEA100023FB6E /* Build configuration list for PBXProject "HopSpot" */;
			compatibilityVersion = "Xcode 14.0";
			developmentRegion = en;
			hasScannedForEncodings = 0;
			knownRegions = (
				en,
				Base,
			);
			mainGroup = 6D4ECBC0291FEA100023FB6E;
			packageReferences = (
				8A11AA111111111111111115 /* XCRemoteSwiftPackageReference "SnapKit" */,
				8A11AA111111111111111116 /* XCRemoteSwiftPackageReference "realm-swift" */,
			);
			productRefGroup = 6D4ECBCA291FEA100023FB6E /* Products */;
			projectDirPath = "";
			projectRoot = "";
			targets = (
				6D4ECBC8291FEA100023FB6E /* HopSpot */,
				6D2E69672F846AEE00B03693 /* HopSpotTests */,
			);
		};
/* End PBXProject section */

/* Begin PBXResourcesBuildPhase section */
		6D2E69662F846AEE00B03693 /* Resources */ = {
			isa = PBXResourcesBuildPhase;
			buildActionMask = 2147483647;
			files = (
			);
			runOnlyForDeploymentPostprocessing = 0;
		};
		6D4ECBC7291FEA100023FB6E /* Resources */ = {
			isa = PBXResourcesBuildPhase;
			buildActionMask = 2147483647;
			files = (
				6D4ECBD9291FEA180023FB6E /* LaunchScreen.storyboard in Resources */,
				6D4ECBD6291FEA180023FB6E /* Assets.xcassets in Resources */,
				6D4ECBD4291FEA100023FB6E /* Main.storyboard in Resources */,
			);
			runOnlyForDeploymentPostprocessing = 0;
		};
/* End PBXResourcesBuildPhase section */

/* Begin PBXSourcesBuildPhase section */
		6D2E69642F846AEE00B03693 /* Sources */ = {
			isa = PBXSourcesBuildPhase;
			buildActionMask = 2147483647;
			files = (
			);
			runOnlyForDeploymentPostprocessing = 0;
		};
		6D4ECBC5291FEA100023FB6E /* Sources */ = {
			isa = PBXSourcesBuildPhase;
			buildActionMask = 2147483647;
			files = (
				6D66A4192F8156F000A68B94 /* BeerRealmObject.swift in Sources */,
				6D6558AE292A1B0A00CB8A0E /* BeerListController.swift in Sources */,
				6D4ECBD1291FEA100023FB6E /* BeerListViewController.swift in Sources */,
				6D6558B0292A1B2800CB8A0E /* NetworkManager.swift in Sources */,
				6D4ECBCD291FEA100023FB6E /* AppDelegate.swift in Sources */,
				6D4ECBCF291FEA100023FB6E /* SceneDelegate.swift in Sources */,
				6D4ECBE1291FEE480023FB6E /* BeerCell.swift in Sources */,
				6D6558B9292A23A400CB8A0E /* DatabaseManager.swift in Sources */,
				6DAD20B4292A2DA000886580 /* BeerCellController.swift in Sources */,
				6DAD20B2292A2D9200886580 /* BeerCellModel.swift in Sources */,
				6D6558AC292A1AFA00CB8A0E /* BeerListModel.swift in Sources */,
				6DAD20B5292A2E0000886580 /* BeerDetailController.swift in Sources */,
				6DAD20B7292A2E1000886580 /* BeerDetailViewController.swift in Sources */,
			);
			runOnlyForDeploymentPostprocessing = 0;
		};
/* End PBXSourcesBuildPhase section */

/* Begin PBXTargetDependency section */
		6D2E696D2F846AEE00B03693 /* PBXTargetDependency */ = {
			isa = PBXTargetDependency;
			target = 6D4ECBC8291FEA100023FB6E /* HopSpot */;
			targetProxy = 6D2E696C2F846AEE00B03693 /* PBXContainerItemProxy */;
		};
/* End PBXTargetDependency section */

/* Begin PBXVariantGroup section */
		6D4ECBD2291FEA100023FB6E /* Main.storyboard */ = {
			isa = PBXVariantGroup;
			children = (
				6D4ECBD3291FEA100023FB6E /* Base */,
			);
			name = Main.storyboard;
			sourceTree = "<group>";
		};
		6D4ECBD7291FEA180023FB6E /* LaunchScreen.storyboard */ = {
			isa = PBXVariantGroup;
			children = (
				6D4ECBD8291FEA180023FB6E /* Base */,
			);
			name = LaunchScreen.storyboard;
			sourceTree = "<group>";
		};
/* End PBXVariantGroup section */

/* Begin XCBuildConfiguration section */
		6D2E696F2F846AEE00B03693 /* Debug */ = {
			isa = XCBuildConfiguration;
			buildSettings = {
				ASSETCATALOG_COMPILER_GENERATE_SWIFT_ASSET_SYMBOL_EXTENSIONS = YES;
				BUNDLE_LOADER = "$(TEST_HOST)";
				CODE_SIGN_STYLE = Automatic;
				CURRENT_PROJECT_VERSION = 1;
				DEVELOPMENT_TEAM = 65DRR277K2;
				ENABLE_USER_SCRIPT_SANDBOXING = YES;
				GCC_C_LANGUAGE_STANDARD = gnu17;
				GENERATE_INFOPLIST_FILE = YES;
				IPHONEOS_DEPLOYMENT_TARGET = 26.4;
				LOCALIZATION_PREFERS_STRING_CATALOGS = YES;
				MARKETING_VERSION = 1.0;
				PRODUCT_BUNDLE_IDENTIFIER = com.avesoft.HopSpotTests;
				PRODUCT_NAME = "$(TARGET_NAME)";
				STRING_CATALOG_GENERATE_SYMBOLS = NO;
				SWIFT_ACTIVE_COMPILATION_CONDITIONS = "DEBUG $(inherited)";
				SWIFT_APPROACHABLE_CONCURRENCY = YES;
				SWIFT_EMIT_LOC_STRINGS = NO;
				SWIFT_UPCOMING_FEATURE_MEMBER_IMPORT_VISIBILITY = YES;
				SWIFT_VERSION = 5.0;
				TARGETED_DEVICE_FAMILY = "1,2";
				TEST_HOST = "$(BUILT_PRODUCTS_DIR)/HopSpot.app/$(BUNDLE_EXECUTABLE_FOLDER_PATH)/HopSpot";
			};
			name = Debug;
		};
		6D2E69702F846AEE00B03693 /* Release */ = {
			isa = XCBuildConfiguration;
			buildSettings = {
				ASSETCATALOG_COMPILER_GENERATE_SWIFT_ASSET_SYMBOL_EXTENSIONS = YES;
				BUNDLE_LOADER = "$(TEST_HOST)";
				CODE_SIGN_STYLE = Automatic;
				CURRENT_PROJECT_VERSION = 1;
				DEVELOPMENT_TEAM = 65DRR277K2;
				ENABLE_USER_SCRIPT_SANDBOXING = YES;
				GCC_C_LANGUAGE_STANDARD = gnu17;
				GENERATE_INFOPLIST_FILE = YES;
				IPHONEOS_DEPLOYMENT_TARGET = 26.4;
				LOCALIZATION_PREFERS_STRING_CATALOGS = YES;
				MARKETING_VERSION = 1.0;
				PRODUCT_BUNDLE_IDENTIFIER = com.avesoft.HopSpotTests;
				PRODUCT_NAME = "$(TARGET_NAME)";
				STRING_CATALOG_GENERATE_SYMBOLS = NO;
				SWIFT_APPROACHABLE_CONCURRENCY = YES;
				SWIFT_EMIT_LOC_STRINGS = NO;
				SWIFT_UPCOMING_FEATURE_MEMBER_IMPORT_VISIBILITY = YES;
				SWIFT_VERSION = 5.0;
				TARGETED_DEVICE_FAMILY = "1,2";
				TEST_HOST = "$(BUILT_PRODUCTS_DIR)/HopSpot.app/$(BUNDLE_EXECUTABLE_FOLDER_PATH)/HopSpot";
			};
			name = Release;
		};
		6D4ECBDB291FEA180023FB6E /* Debug */ = {
			isa = XCBuildConfiguration;
			buildSettings = {
				ALWAYS_SEARCH_USER_PATHS = NO;
				CLANG_ANALYZER_NONNULL = YES;
				CLANG_ANALYZER_NUMBER_OBJECT_CONVERSION = YES_AGGRESSIVE;
				CLANG_CXX_LANGUAGE_STANDARD = "gnu++20";
				CLANG_ENABLE_MODULES = YES;
				CLANG_ENABLE_OBJC_ARC = YES;
				CLANG_ENABLE_OBJC_WEAK = YES;
				CLANG_WARN_BLOCK_CAPTURE_AUTORELEASING = YES;
				CLANG_WARN_BOOL_CONVERSION = YES;
				CLANG_WARN_COMMA = YES;
				CLANG_WARN_CONSTANT_CONVERSION = YES;
				CLANG_WARN_DEPRECATED_OBJC_IMPLEMENTATIONS = YES;
				CLANG_WARN_DIRECT_OBJC_ISA_USAGE = YES_ERROR;
				CLANG_WARN_DOCUMENTATION_COMMENTS = YES;
				CLANG_WARN_EMPTY_BODY = YES;
				CLANG_WARN_ENUM_CONVERSION = YES;
				CLANG_WARN_INFINITE_RECURSION = YES;
				CLANG_WARN_INT_CONVERSION = YES;
				CLANG_WARN_NON_LITERAL_NULL_CONVERSION = YES;
				CLANG_WARN_OBJC_IMPLICIT_RETAIN_SELF = YES;
				CLANG_WARN_OBJC_LITERAL_CONVERSION = YES;
				CLANG_WARN_OBJC_ROOT_CLASS = YES_ERROR;
				CLANG_WARN_QUOTED_INCLUDE_IN_FRAMEWORK_HEADER = YES;
				CLANG_WARN_RANGE_LOOP_ANALYSIS = YES;
				CLANG_WARN_STRICT_PROTOTYPES = YES;
				CLANG_WARN_SUSPICIOUS_MOVE = YES;
				CLANG_WARN_UNGUARDED_AVAILABILITY = YES_AGGRESSIVE;
				CLANG_WARN_UNREACHABLE_CODE = YES;
				CLANG_WARN__DUPLICATE_METHOD_MATCH = YES;
				COPY_PHASE_STRIP = NO;
				DEBUG_INFORMATION_FORMAT = dwarf;
				ENABLE_STRICT_OBJC_MSGSEND = YES;
				ENABLE_TESTABILITY = YES;
				GCC_C_LANGUAGE_STANDARD = gnu11;
				GCC_DYNAMIC_NO_PIC = NO;
				GCC_NO_COMMON_BLOCKS = YES;
				GCC_OPTIMIZATION_LEVEL = 0;
				GCC_PREPROCESSOR_DEFINITIONS = (
					"DEBUG=1",
					"$(inherited)",
				);
				GCC_WARN_64_TO_32_BIT_CONVERSION = YES;
				GCC_WARN_ABOUT_RETURN_TYPE = YES_ERROR;
				GCC_WARN_UNDECLARED_SELECTOR = YES;
				GCC_WARN_UNINITIALIZED_AUTOS = YES_AGGRESSIVE;
				GCC_WARN_UNUSED_FUNCTION = YES;
				GCC_WARN_UNUSED_VARIABLE = YES;
				IPHONEOS_DEPLOYMENT_TARGET = 16.0;
				MTL_ENABLE_DEBUG_INFO = INCLUDE_SOURCE;
				MTL_FAST_MATH = YES;
				ONLY_ACTIVE_ARCH = YES;
				SDKROOT = iphoneos;
				SWIFT_ACTIVE_COMPILATION_CONDITIONS = DEBUG;
				SWIFT_OPTIMIZATION_LEVEL = "-Onone";
			};
			name = Debug;
		};
		6D4ECBDC291FEA180023FB6E /* Release */ = {
			isa = XCBuildConfiguration;
			buildSettings = {
				ALWAYS_SEARCH_USER_PATHS = NO;
				CLANG_ANALYZER_NONNULL = YES;
				CLANG_ANALYZER_NUMBER_OBJECT_CONVERSION = YES_AGGRESSIVE;
				CLANG_CXX_LANGUAGE_STANDARD = "gnu++20";
				CLANG_ENABLE_MODULES = YES;
				CLANG_ENABLE_OBJC_ARC = YES;
				CLANG_ENABLE_OBJC_WEAK = YES;
				CLANG_WARN_BLOCK_CAPTURE_AUTORELEASING = YES;
				CLANG_WARN_BOOL_CONVERSION = YES;
				CLANG_WARN_COMMA = YES;
				CLANG_WARN_CONSTANT_CONVERSION = YES;
				CLANG_WARN_DEPRECATED_OBJC_IMPLEMENTATIONS = YES;
				CLANG_WARN_DIRECT_OBJC_ISA_USAGE = YES_ERROR;
				CLANG_WARN_DOCUMENTATION_COMMENTS = YES;
				CLANG_WARN_EMPTY_BODY = YES;
				CLANG_WARN_ENUM_CONVERSION = YES;
				CLANG_WARN_INFINITE_RECURSION = YES;
				CLANG_WARN_INT_CONVERSION = YES;
				CLANG_WARN_NON_LITERAL_NULL_CONVERSION = YES;
				CLANG_WARN_OBJC_IMPLICIT_RETAIN_SELF = YES;
				CLANG_WARN_OBJC_LITERAL_CONVERSION = YES;
				CLANG_WARN_OBJC_ROOT_CLASS = YES_ERROR;
				CLANG_WARN_QUOTED_INCLUDE_IN_FRAMEWORK_HEADER = YES;
				CLANG_WARN_RANGE_LOOP_ANALYSIS = YES;
				CLANG_WARN_STRICT_PROTOTYPES = YES;
				CLANG_WARN_SUSPICIOUS_MOVE = YES;
				CLANG_WARN_UNGUARDED_AVAILABILITY = YES_AGGRESSIVE;
				CLANG_WARN_UNREACHABLE_CODE = YES;
				CLANG_WARN__DUPLICATE_METHOD_MATCH = YES;
				COPY_PHASE_STRIP = NO;
				DEBUG_INFORMATION_FORMAT = "dwarf-with-dsym";
				ENABLE_NS_ASSERTIONS = NO;
				ENABLE_STRICT_OBJC_MSGSEND = YES;
				GCC_C_LANGUAGE_STANDARD = gnu11;
				GCC_NO_COMMON_BLOCKS = YES;
				GCC_WARN_64_TO_32_BIT_CONVERSION = YES;
				GCC_WARN_ABOUT_RETURN_TYPE = YES_ERROR;
				GCC_WARN_UNDECLARED_SELECTOR = YES;
				GCC_WARN_UNINITIALIZED_AUTOS = YES_AGGRESSIVE;
				GCC_WARN_UNUSED_FUNCTION = YES;
				GCC_WARN_UNUSED_VARIABLE = YES;
				IPHONEOS_DEPLOYMENT_TARGET = 16.0;
				MTL_ENABLE_DEBUG_INFO = NO;
				MTL_FAST_MATH = YES;
				SDKROOT = iphoneos;
				SWIFT_COMPILATION_MODE = wholemodule;
				SWIFT_OPTIMIZATION_LEVEL = "-O";
				VALIDATE_PRODUCT = YES;
			};
			name = Release;
		};
		6D4ECBDE291FEA180023FB6E /* Debug */ = {
			isa = XCBuildConfiguration;
			buildSettings = {
				ASSETCATALOG_COMPILER_APPICON_NAME = AppIcon;
				ASSETCATALOG_COMPILER_GLOBAL_ACCENT_COLOR_NAME = AccentColor;
				CODE_SIGN_STYLE = Automatic;
				CURRENT_PROJECT_VERSION = 1;
				DEVELOPMENT_TEAM = 65DRR277K2;
				GENERATE_INFOPLIST_FILE = YES;
				INFOPLIST_FILE = Info.plist;
				INFOPLIST_KEY_UIApplicationSupportsIndirectInputEvents = YES;
				INFOPLIST_KEY_UILaunchStoryboardName = LaunchScreen;
				INFOPLIST_KEY_UIMainStoryboardFile = Main;
				INFOPLIST_KEY_UISupportedInterfaceOrientations_iPad = "UIInterfaceOrientationPortrait UIInterfaceOrientationPortraitUpsideDown UIInterfaceOrientationLandscapeLeft UIInterfaceOrientationLandscapeRight";
				INFOPLIST_KEY_UISupportedInterfaceOrientations_iPhone = "UIInterfaceOrientationPortrait UIInterfaceOrientationLandscapeLeft UIInterfaceOrientationLandscapeRight";
				LD_RUNPATH_SEARCH_PATHS = (
					"$(inherited)",
					"@executable_path/Frameworks",
				);
				MARKETING_VERSION = 1.0;
				PRODUCT_BUNDLE_IDENTIFIER = com.ake11a.HopSpot;
				PRODUCT_NAME = "$(TARGET_NAME)";
				SWIFT_EMIT_LOC_STRINGS = YES;
				SWIFT_VERSION = 5.0;
				TARGETED_DEVICE_FAMILY = "1,2";
			};
			name = Debug;
		};
		6D4ECBDF291FEA180023FB6E /* Release */ = {
			isa = XCBuildConfiguration;
			buildSettings = {
				ASSETCATALOG_COMPILER_APPICON_NAME = AppIcon;
				ASSETCATALOG_COMPILER_GLOBAL_ACCENT_COLOR_NAME = AccentColor;
				CODE_SIGN_STYLE = Automatic;
				CURRENT_PROJECT_VERSION = 1;
				DEVELOPMENT_TEAM = 65DRR277K2;
				GENERATE_INFOPLIST_FILE = YES;
				INFOPLIST_FILE = Info.plist;
				INFOPLIST_KEY_UIApplicationSupportsIndirectInputEvents = YES;
				INFOPLIST_KEY_UILaunchStoryboardName = LaunchScreen;
				INFOPLIST_KEY_UIMainStoryboardFile = Main;
				INFOPLIST_KEY_UISupportedInterfaceOrientations_iPad = "UIInterfaceOrientationPortrait UIInterfaceOrientationPortraitUpsideDown UIInterfaceOrientationLandscapeLeft UIInterfaceOrientationLandscapeRight";
				INFOPLIST_KEY_UISupportedInterfaceOrientations_iPhone = "UIInterfaceOrientationPortrait UIInterfaceOrientationLandscapeLeft UIInterfaceOrientationLandscapeRight";
				LD_RUNPATH_SEARCH_PATHS = (
					"$(inherited)",
					"@executable_path/Frameworks",
				);
				MARKETING_VERSION = 1.0;
				PRODUCT_BUNDLE_IDENTIFIER = com.ake11a.HopSpot;
				PRODUCT_NAME = "$(TARGET_NAME)";
				SWIFT_EMIT_LOC_STRINGS = YES;
				SWIFT_VERSION = 5.0;
				TARGETED_DEVICE_FAMILY = "1,2";
			};
			name = Release;
		};
/* End XCBuildConfiguration section */

/* Begin XCConfigurationList section */
		6D2E696E2F846AEE00B03693 /* Build configuration list for PBXNativeTarget "HopSpotTests" */ = {
			isa = XCConfigurationList;
			buildConfigurations = (
				6D2E696F2F846AEE00B03693 /* Debug */,
				6D2E69702F846AEE00B03693 /* Release */,
			);
			defaultConfigurationIsVisible = 0;
			defaultConfigurationName = Release;
		};
		6D4ECBC4291FEA100023FB6E /* Build configuration list for PBXProject "HopSpot" */ = {
			isa = XCConfigurationList;
			buildConfigurations = (
				6D4ECBDB291FEA180023FB6E /* Debug */,
				6D4ECBDC291FEA180023FB6E /* Release */,
			);
			defaultConfigurationIsVisible = 0;
			defaultConfigurationName = Release;
		};
		6D4ECBDD291FEA180023FB6E /* Build configuration list for PBXNativeTarget "HopSpot" */ = {
			isa = XCConfigurationList;
			buildConfigurations = (
				6D4ECBDE291FEA180023FB6E /* Debug */,
				6D4ECBDF291FEA180023FB6E /* Release */,
			);
			defaultConfigurationIsVisible = 0;
			defaultConfigurationName = Release;
		};
/* End XCConfigurationList section */

/* Begin XCRemoteSwiftPackageReference section */
		8A11AA111111111111111115 /* XCRemoteSwiftPackageReference "SnapKit" */ = {
			isa = XCRemoteSwiftPackageReference;
			repositoryURL = "https://github.com/SnapKit/SnapKit.git";
			requirement = {
				kind = upToNextMajorVersion;
				minimumVersion = 5.0.1;
			};
		};
		8A11AA111111111111111116 /* XCRemoteSwiftPackageReference "realm-swift" */ = {
			isa = XCRemoteSwiftPackageReference;
			repositoryURL = "https://github.com/realm/realm-swift.git";
			requirement = {
				kind = upToNextMajorVersion;
				minimumVersion = 20.0.0;
			};
		};
/* End XCRemoteSwiftPackageReference section */

/* Begin XCSwiftPackageProductDependency section */
		8A11AA111111111111111113 /* SnapKit */ = {
			isa = XCSwiftPackageProductDependency;
			package = 8A11AA111111111111111115 /* XCRemoteSwiftPackageReference "SnapKit" */;
			productName = SnapKit;
		};
		8A11AA111111111111111114 /* RealmSwift */ = {
			isa = XCSwiftPackageProductDependency;
			package = 8A11AA111111111111111116 /* XCRemoteSwiftPackageReference "realm-swift" */;
			productName = RealmSwift;
		};
/* End XCSwiftPackageProductDependency section */
	};
	rootObject = 6D4ECBC1291FEA100023FB6E /* Project object */;
}
